
Microsoft Visual Studio Solution File, Format Version 12.00
# Visual Studio Version 16
VisualStudioVersion = 16.0.31205.134
MinimumVisualStudioVersion = 10.0.40219.1
Project("{FAE04EC0-301F-11D3-BF4B-00C04F79EFBC}") = "OxiMediaPlayer", "MyVideoPlayer\OxiMediaPlayer.csproj", "{AAB9B5F1-93B6-4C2F-A93A-FCFE9814C2FB}"
EndProject
Global
	GlobalSection(SolutionConfigurationPlatforms) = preSolution
		Debug|Any CPU = Debug|Any CPU
		Release|Any CPU = Release|Any CPU
	EndGlobalSection
	GlobalSection(ProjectConfigurationPlatforms) = postSolution
		{AAB9B5F1-93B6-4C2F-A93A-FCFE9814C2FB}.Debug|Any CPU.ActiveCfg = Debug|Any CPU
		{AAB9B5F1-93B6-4C2F-A93A-FCFE9814C2FB}.Debug|Any CPU.Build.0 = Debug|Any CPU
		{AAB9B5F1-93B6-4C2F-A93A-FCFE9814C2FB}.Release|Any CPU.ActiveCfg = Release|Any CPU
		{AAB9B5F1-93B6-4C2F-A93A-FCFE9814C2FB}.Release|Any CPU.Build.0 = Release|Any CPU
	EndGlobalSection
	GlobalSection(SolutionProperties) = preSolution
		HideSolutionNode = FALSE
	EndGlobalSection
	GlobalSection(ExtensibilityGlobals) = postSolution
		SolutionGuid = {D9E2215C-A815-449D-ACE7-C7E715F561ED}
	EndGlobalSection
EndGlobal
